Microsoft Visual Studio Solution File, Format Version 12.00
# Visual Studio 2012
Project("{FAE04EC0-301F-11D3-BF4B-00C04F79EFBC}") = "milanote-clone-godot", "milanote-clone-godot.csproj", "{6ABAF18D-C0F1-4139-ADB0-7AD2D89F1945}"
EndProject
Global
	GlobalSection(SolutionConfigurationPlatforms) = preSolution
	Debug|Any CPU = Debug|Any CPU
	ExportDebug|Any CPU = ExportDebug|Any CPU
	ExportRelease|Any CPU = ExportRelease|Any CPU
	EndGlobalSection
	GlobalSection(ProjectConfigurationPlatforms) = postSolution
		{6ABAF18D-C0F1-4139-ADB0-7AD2D89F1945}.Debug|Any CPU.ActiveCfg = Debug|Any CPU
		{6ABAF18D-C0F1-4139-ADB0-7AD2D89F1945}.Debug|Any CPU.Build.0 = Debug|Any CPU
		{6ABAF18D-C0F1-4139-ADB0-7AD2D89F1945}.ExportDebug|Any CPU.ActiveCfg = ExportDebug|Any CPU
		{6ABAF18D-C0F1-4139-ADB0-7AD2D89F1945}.ExportDebug|Any CPU.Build.0 = ExportDebug|Any CPU
		{6ABAF18D-C0F1-4139-ADB0-7AD2D89F1945}.ExportRelease|Any CPU.ActiveCfg = ExportRelease|Any CPU
		{6ABAF18D-C0F1-4139-ADB0-7AD2D89F1945}.ExportRelease|Any CPU.Build.0 = ExportRelease|Any CPU
	EndGlobalSection
EndGlobal
